
Microsoft Visual Studio Solution File, Format Version 12.00
# Visual Studio 14
VisualStudioVersion = 14.0.25420.1
MinimumVisualStudioVersion = 10.0.40219.1
Project("{FAE04EC0-301F-11D3-BF4B-00C04F79EFBC}") = "HandsOnExam", "HandsOnExam\HandsOnExam.csproj", "{8DFEEB0D-1B0C-42EF-9E7C-5314ACA3DFB2}"
EndProject
Project("{FAE04EC0-301F-11D3-BF4B-00C04F79EFBC}") = "HandsOnExam.API", "HandsOnExam.API\HandsOnExam.API.csproj", "{5921E6CD-58A3-470B-9483-F4CB16F358D2}"
EndProject
Project("{FAE04EC0-301F-11D3-BF4B-00C04F79EFBC}") = "HandsOnExam.API.Tests", "HandsOnExam.API.Tests\HandsOnExam.API.Tests.csproj", "{51343841-BEEE-4370-9D09-DD6F99922878}"
EndProject
Project("{FAE04EC0-301F-11D3-BF4B-00C04F79EFBC}") = "HandsOnExam.Models", "HandsOnExam.Models\HandsOnExam.Models.csproj", "{16204DA6-86BE-4D4E-9000-A5C7EB7B419F}"
EndProject
Project("{FAE04EC0-301F-11D3-BF4B-00C04F79EFBC}") = "HandsOnExam.Business", "HandsOnExam.Business\HandsOnExam.Business.csproj", "{1133A954-0414-4311-9B3F-BF6A3EAA4447}"
EndProject
Project("{FAE04EC0-301F-11D3-BF4B-00C04F79EFBC}") = "HandsOnExam.Data", "HandsOnExam.Data\HandsOnExam.Data.csproj", "{D1693FB7-D2F5-4894-841E-9AF012237FFD}"
EndProject
Project("{FAE04EC0-301F-11D3-BF4B-00C04F79EFBC}") = "HandsOnExam.Client", "HandsOnExam.Client\HandsOnExam.Client.csproj", "{C49A8E49-8A62-4E96-A9D8-1A2753B0DA0F}"
EndProject
Global
	GlobalSection(SolutionConfigurationPlatforms) = preSolution
		Debug|Any CPU = Debug|Any CPU
		Release|Any CPU = Release|Any CPU
	EndGlobalSection
	GlobalSection(ProjectConfigurationPlatforms) = postSolution
		{8DFEEB0D-1B0C-42EF-9E7C-5314ACA3DFB2}.Debug|Any CPU.ActiveCfg = Debug|Any CPU
		{8DFEEB0D-1B0C-42EF-9E7C-5314ACA3DFB2}.Debug|Any CPU.Build.0 = Debug|Any CPU
		{8DFEEB0D-1B0C-42EF-9E7C-5314ACA3DFB2}.Release|Any CPU.ActiveCfg = Release|Any CPU
		{8DFEEB0D-1B0C-42EF-9E7C-5314ACA3DFB2}.Release|Any CPU.Build.0 = Release|Any CPU
		{5921E6CD-58A3-470B-9483-F4CB16F358D2}.Debug|Any CPU.ActiveCfg = Debug|Any CPU
		{5921E6CD-58A3-470B-9483-F4CB16F358D2}.Debug|Any CPU.Build.0 = Debug|Any CPU
		{5921E6CD-58A3-470B-9483-F4CB16F358D2}.Release|Any CPU.ActiveCfg = Release|Any CPU
		{5921E6CD-58A3-470B-9483-F4CB16F358D2}.Release|Any CPU.Build.0 = Release|Any CPU
		{51343841-BEEE-4370-9D09-DD6F99922878}.Debug|Any CPU.ActiveCfg = Debug|Any CPU
		{51343841-BEEE-4370-9D09-DD6F99922878}.Debug|Any CPU.Build.0 = Debug|Any CPU
		{51343841-BEEE-4370-9D09-DD6F99922878}.Release|Any CPU.ActiveCfg = Release|Any CPU
		{51343841-BEEE-4370-9D09-DD6F99922878}.Release|Any CPU.Build.0 = Release|Any CPU
		{16204DA6-86BE-4D4E-9000-A5C7EB7B419F}.Debug|Any CPU.ActiveCfg = Debug|Any CPU
		{16204DA6-86BE-4D4E-9000-A5C7EB7B419F}.Debug|Any CPU.Build.0 = Debug|Any CPU
		{16204DA6-86BE-4D4E-9000-A5C7EB7B419F}.Release|Any CPU.ActiveCfg = Release|Any CPU
		{16204DA6-86BE-4D4E-9000-A5C7EB7B419F}.Release|Any CPU.Build.0 = Release|Any CPU
		{1133A954-0414-4311-9B3F-BF6A3EAA4447}.Debug|Any CPU.ActiveCfg = Debug|Any CPU
		{1133A954-0414-4311-9B3F-BF6A3EAA4447}.Debug|Any CPU.Build.0 = Debug|Any CPU
		{1133A954-0414-4311-9B3F-BF6A3EAA4447}.Release|Any CPU.ActiveCfg = Release|Any CPU
		{1133A954-0414-4311-9B3F-BF6A3EAA4447}.Release|Any CPU.Build.0 = Release|Any CPU
		{D1693FB7-D2F5-4894-841E-9AF012237FFD}.Debug|Any CPU.ActiveCfg = Debug|Any CPU
		{D1693FB7-D2F5-4894-841E-9AF012237FFD}.Debug|Any CPU.Build.0 = Debug|Any CPU
		{D1693FB7-D2F5-4894-841E-9AF012237FFD}.Release|Any CPU.ActiveCfg = Release|Any CPU
		{D1693FB7-D2F5-4894-841E-9AF012237FFD}.Release|Any CPU.Build.0 = Release|Any CPU
		{C49A8E49-8A62-4E96-A9D8-1A2753B0DA0F}.Debug|Any CPU.ActiveCfg = Debug|Any CPU
		{C49A8E49-8A62-4E96-A9D8-1A2753B0DA0F}.Debug|Any CPU.Build.0 = Debug|Any CPU
		{C49A8E49-8A62-4E96-A9D8-1A2753B0DA0F}.Release|Any CPU.ActiveCfg = Release|Any CPU
		{C49A8E49-8A62-4E96-A9D8-1A2753B0DA0F}.Release|Any CPU.Build.0 = Release|Any CPU
	EndGlobalSection
	GlobalSection(SolutionProperties) = preSolution
		HideSolutionNode = FALSE
	EndGlobalSection
EndGlobal
